
Microsoft Visual Studio Solution File, Format Version 12.00
# Visual Studio Version 17
VisualStudioVersion = 17.13.35913.81 d17.13
MinimumVisualStudioVersion = 10.0.40219.1
Project("{FAE04EC0-301F-11D3-BF4B-00C04F79EFBC}") = "ApiPeliculas", "ApiPeliculas\ApiPeliculas.csproj", "{9B452FD3-71FE-4852-81D1-C771847F7A0B}"
EndProject
Global
	GlobalSection(SolutionConfigurationPlatforms) = preSolution
		Debug|Any CPU = Debug|Any CPU
		Release|Any CPU = Release|Any CPU
	EndGlobalSection
	GlobalSection(ProjectConfigurationPlatforms) = postSolution
		{9B452FD3-71FE-4852-81D1-C771847F7A0B}.Debug|Any CPU.ActiveCfg = Debug|Any CPU
		{9B452FD3-71FE-4852-81D1-C771847F7A0B}.Debug|Any CPU.Build.0 = Debug|Any CPU
		{9B452FD3-71FE-4852-81D1-C771847F7A0B}.Release|Any CPU.ActiveCfg = Release|Any CPU
		{9B452FD3-71FE-4852-81D1-C771847F7A0B}.Release|Any CPU.Build.0 = Release|Any CPU
	EndGlobalSection
	GlobalSection(SolutionProperties) = preSolution
		HideSolutionNode = FALSE
	EndGlobalSection
	GlobalSection(ExtensibilityGlobals) = postSolution
		SolutionGuid = {704211E5-5E7A-4894-8646-B61C35797C91}
	EndGlobalSection
EndGlobal
